{
    "requires": true,
    "lockfileVersion": 1,
    "dependencies": {
        "dropzone": {
            "version": "5.7.0",
            "resolved": "https://registry.npmjs.org/dropzone/-/dropzone-5.7.0.tgz",
            "integrity": "sha512-kOltiZXH5cO/72I22JjE+w6BoT6uaVLfWdFMsi1PMKFkU6BZWpqRwjnsRm0o6ANGTBuZar5Piu7m/CbKqRPiYg=="
        }
    }
}
